lockfileVersion: '9.0'

settings:
  autoInstallPeers: true
  excludeLinksFromLockfile: false

importers:

  .:
    dependencies:
      typescript-language-server:
        specifier: 6.0.2
        version: 6.0.2

packages:

  typescript-language-server@6.0.2:
    resolution: {integrity: sha512-Ph7Ql+xkUJvMamnkh1h+aKP6HxLR7lrWIYkPn9/LZBkJdJZgtIj7OoVhkDYtQ7zFPTPmqZHOVXaUKGyz9M2q1Q==}
    engines: {node: '>=22.22.2'}
    hasBin: true

snapshots:

  typescript-language-server@6.0.2: {}
